
Microsoft Visual Studio Solution File, Format Version 12.00
Project("{FAE04EC0-301F-11D3-BF4B-00C04F79EFBC}") = "BSB", "BSB\BSB.csproj", "{B613E86E-57C5-49ED-9AE4-56B2F5CC9E52}"
EndProject
Project("{FAE04EC0-301F-11D3-BF4B-00C04F79EFBC}") = "BetterServiceBase", "BetterServiceBase\BetterServiceBase.csproj", "{8F3AD3A2-8E2D-488F-ACA3-B16518C2A4EE}"
EndProject
Project("{FAE04EC0-301F-11D3-BF4B-00C04F79EFBC}") = "config-default", "plugins\config-default\config-default.csproj", "{C1A1A1A1-0001-0001-0001-000000000001}"
EndProject
Project("{FAE04EC0-301F-11D3-BF4B-00C04F79EFBC}") = "observable-default", "plugins\observable-default\observable-default.csproj", "{C1A1A1A1-0001-0001-0001-000000000002}"
EndProject
Project("{FAE04EC0-301F-11D3-BF4B-00C04F79EFBC}") = "events-default", "plugins\events-default\events-default.csproj", "{C1A1A1A1-0001-0001-0001-000000000003}"
EndProject
Project("{2150E333-8FDC-42A3-9474-1A3956D46DE8}") = "plugins", "plugins", "{07D57EEB-2F50-60C4-C011-FE4FA775C9A8}"
EndProject
Project("{FAE04EC0-301F-11D3-BF4B-00C04F79EFBC}") = "config-env", "plugins\config-env\config-env.csproj", "{4A5FF370-9DD3-4517-B0A6-EB567541FA51}"
EndProject
Project("{FAE04EC0-301F-11D3-BF4B-00C04F79EFBC}") = "config-vault", "plugins\config-vault\config-vault.csproj", "{3FB4A11B-3743-40E4-BA2A-243C47B5F174}"
EndProject
Project("{FAE04EC0-301F-11D3-BF4B-00C04F79EFBC}") = "config-vault-google", "plugins\config-vault-google\config-vault-google.csproj", "{EE4FE785-E321-4A1B-99B4-D6FE0849C206}"
EndProject
Project("{2150E333-8FDC-42A3-9474-1A3956D46DE8}") = "tests", "tests", "{0AB3BF05-4346-4AA6-1389-037BE0695223}"
EndProject
Project("{FAE04EC0-301F-11D3-BF4B-00C04F79EFBC}") = "RuntimeTests", "tests\RuntimeTests\RuntimeTests.csproj", "{B92E147B-ECF9-48C7-911A-3AAEE473B294}"
EndProject
Project("{FAE04EC0-301F-11D3-BF4B-00C04F79EFBC}") = "TestPlugin", "tests\TestPlugin\TestPlugin.csproj", "{D5FC9B83-2244-4844-B8E8-6BF51E1F8442}"
EndProject
Project("{FAE04EC0-301F-11D3-BF4B-00C04F79EFBC}") = "SmokeTests", "tests\SmokeTests\SmokeTests.csproj", "{D05D184D-110E-4711-9164-294557EF181B}"
EndProject
Project("{FAE04EC0-301F-11D3-BF4B-00C04F79EFBC}") = "events-rabbitmq", "plugins\events-rabbitmq\events-rabbitmq.csproj", "{C5CFAC35-5F84-48EB-AC5F-317C207252E2}"
EndProject
Project("{FAE04EC0-301F-11D3-BF4B-00C04F79EFBC}") = "observable-logging-file", "plugins\observable-logging-file\observable-logging-file.csproj", "{03191D05-ECCD-4B9A-A875-A63473B073BF}"
EndProject
Project("{FAE04EC0-301F-11D3-BF4B-00C04F79EFBC}") = "observable-pino", "plugins\observable-pino\observable-pino.csproj", "{B8B67E6E-382F-4DDC-BCB9-E408AD31D0BC}"
EndProject
Project("{FAE04EC0-301F-11D3-BF4B-00C04F79EFBC}") = "observable-winston", "plugins\observable-winston\observable-winston.csproj", "{C38878E9-79F2-4DDE-A606-6C9D46961C5D}"
EndProject
Global
	GlobalSection(SolutionConfigurationPlatforms) = preSolution
		Debug|Any CPU = Debug|Any CPU
		Debug|x64 = Debug|x64
		Debug|x86 = Debug|x86
		Release|Any CPU = Release|Any CPU
		Release|x64 = Release|x64
		Release|x86 = Release|x86
	EndGlobalSection
	GlobalSection(ProjectConfigurationPlatforms) = postSolution
		{B613E86E-57C5-49ED-9AE4-56B2F5CC9E52}.Debug|Any CPU.ActiveCfg = Debug|Any CPU
		{B613E86E-57C5-49ED-9AE4-56B2F5CC9E52}.Debug|Any CPU.Build.0 = Debug|Any CPU
		{B613E86E-57C5-49ED-9AE4-56B2F5CC9E52}.Debug|x64.ActiveCfg = Debug|Any CPU
		{B613E86E-57C5-49ED-9AE4-56B2F5CC9E52}.Debug|x64.Build.0 = Debug|Any CPU
		{B613E86E-57C5-49ED-9AE4-56B2F5CC9E52}.Debug|x86.ActiveCfg = Debug|Any CPU
		{B613E86E-57C5-49ED-9AE4-56B2F5CC9E52}.Debug|x86.Build.0 = Debug|Any CPU
		{B613E86E-57C5-49ED-9AE4-56B2F5CC9E52}.Release|Any CPU.ActiveCfg = Release|Any CPU
		{B613E86E-57C5-49ED-9AE4-56B2F5CC9E52}.Release|Any CPU.Build.0 = Release|Any CPU
		{B613E86E-57C5-49ED-9AE4-56B2F5CC9E52}.Release|x64.ActiveCfg = Release|Any CPU
		{B613E86E-57C5-49ED-9AE4-56B2F5CC9E52}.Release|x64.Build.0 = Release|Any CPU
		{B613E86E-57C5-49ED-9AE4-56B2F5CC9E52}.Release|x86.ActiveCfg = Release|Any CPU
		{B613E86E-57C5-49ED-9AE4-56B2F5CC9E52}.Release|x86.Build.0 = Release|Any CPU
		{8F3AD3A2-8E2D-488F-ACA3-B16518C2A4EE}.Debug|Any CPU.ActiveCfg = Debug|Any CPU
		{8F3AD3A2-8E2D-488F-ACA3-B16518C2A4EE}.Debug|Any CPU.Build.0 = Debug|Any CPU
		{8F3AD3A2-8E2D-488F-ACA3-B16518C2A4EE}.Debug|x64.ActiveCfg = Debug|Any CPU
		{8F3AD3A2-8E2D-488F-ACA3-B16518C2A4EE}.Debug|x64.Build.0 = Debug|Any CPU
		{8F3AD3A2-8E2D-488F-ACA3-B16518C2A4EE}.Debug|x86.ActiveCfg = Debug|Any CPU
		{8F3AD3A2-8E2D-488F-ACA3-B16518C2A4EE}.Debug|x86.Build.0 = Debug|Any CPU
		{8F3AD3A2-8E2D-488F-ACA3-B16518C2A4EE}.Release|Any CPU.ActiveCfg = Release|Any CPU
		{8F3AD3A2-8E2D-488F-ACA3-B16518C2A4EE}.Release|Any CPU.Build.0 = Release|Any CPU
		{8F3AD3A2-8E2D-488F-ACA3-B16518C2A4EE}.Release|x64.ActiveCfg = Release|Any CPU
		{8F3AD3A2-8E2D-488F-ACA3-B16518C2A4EE}.Release|x64.Build.0 = Release|Any CPU
		{8F3AD3A2-8E2D-488F-ACA3-B16518C2A4EE}.Release|x86.ActiveCfg = Release|Any CPU
		{8F3AD3A2-8E2D-488F-ACA3-B16518C2A4EE}.Release|x86.Build.0 = Release|Any CPU
		{C1A1A1A1-0001-0001-0001-000000000001}.Debug|Any CPU.ActiveCfg = Debug|Any CPU
		{C1A1A1A1-0001-0001-0001-000000000001}.Debug|Any CPU.Build.0 = Debug|Any CPU
		{C1A1A1A1-0001-0001-0001-000000000001}.Debug|x64.ActiveCfg = Debug|Any CPU
		{C1A1A1A1-0001-0001-0001-000000000001}.Debug|x64.Build.0 = Debug|Any CPU
		{C1A1A1A1-0001-0001-0001-000000000001}.Debug|x86.ActiveCfg = Debug|Any CPU
		{C1A1A1A1-0001-0001-0001-000000000001}.Debug|x86.Build.0 = Debug|Any CPU
		{C1A1A1A1-0001-0001-0001-000000000001}.Release|Any CPU.ActiveCfg = Release|Any CPU
		{C1A1A1A1-0001-0001-0001-000000000001}.Release|Any CPU.Build.0 = Release|Any CPU
		{C1A1A1A1-0001-0001-0001-000000000001}.Release|x64.ActiveCfg = Release|Any CPU
		{C1A1A1A1-0001-0001-0001-000000000001}.Release|x64.Build.0 = Release|Any CPU
		{C1A1A1A1-0001-0001-0001-000000000001}.Release|x86.ActiveCfg = Release|Any CPU
		{C1A1A1A1-0001-0001-0001-000000000001}.Release|x86.Build.0 = Release|Any CPU
		{C1A1A1A1-0001-0001-0001-000000000002}.Debug|Any CPU.ActiveCfg = Debug|Any CPU
		{C1A1A1A1-0001-0001-0001-000000000002}.Debug|Any CPU.Build.0 = Debug|Any CPU
		{C1A1A1A1-0001-0001-0001-000000000002}.Debug|x64.ActiveCfg = Debug|Any CPU
		{C1A1A1A1-0001-0001-0001-000000000002}.Debug|x64.Build.0 = Debug|Any CPU
		{C1A1A1A1-0001-0001-0001-000000000002}.Debug|x86.ActiveCfg = Debug|Any CPU
		{C1A1A1A1-0001-0001-0001-000000000002}.Debug|x86.Build.0 = Debug|Any CPU
		{C1A1A1A1-0001-0001-0001-000000000002}.Release|Any CPU.ActiveCfg = Release|Any CPU
		{C1A1A1A1-0001-0001-0001-000000000002}.Release|Any CPU.Build.0 = Release|Any CPU
		{C1A1A1A1-0001-0001-0001-000000000002}.Release|x64.ActiveCfg = Release|Any CPU
		{C1A1A1A1-0001-0001-0001-000000000002}.Release|x64.Build.0 = Release|Any CPU
		{C1A1A1A1-0001-0001-0001-000000000002}.Release|x86.ActiveCfg = Release|Any CPU
		{C1A1A1A1-0001-0001-0001-000000000002}.Release|x86.Build.0 = Release|Any CPU
		{C1A1A1A1-0001-0001-0001-000000000003}.Debug|Any CPU.ActiveCfg = Debug|Any CPU
		{C1A1A1A1-0001-0001-0001-000000000003}.Debug|Any CPU.Build.0 = Debug|Any CPU
		{C1A1A1A1-0001-0001-0001-000000000003}.Debug|x64.ActiveCfg = Debug|Any CPU
		{C1A1A1A1-0001-0001-0001-000000000003}.Debug|x64.Build.0 = Debug|Any CPU
		{C1A1A1A1-0001-0001-0001-000000000003}.Debug|x86.ActiveCfg = Debug|Any CPU
		{C1A1A1A1-0001-0001-0001-000000000003}.Debug|x86.Build.0 = Debug|Any CPU
		{C1A1A1A1-0001-0001-0001-000000000003}.Release|Any CPU.ActiveCfg = Release|Any CPU
		{C1A1A1A1-0001-0001-0001-000000000003}.Release|Any CPU.Build.0 = Release|Any CPU
		{C1A1A1A1-0001-0001-0001-000000000003}.Release|x64.ActiveCfg = Release|Any CPU
		{C1A1A1A1-0001-0001-0001-000000000003}.Release|x64.Build.0 = Release|Any CPU
		{C1A1A1A1-0001-0001-0001-000000000003}.Release|x86.ActiveCfg = Release|Any CPU
		{C1A1A1A1-0001-0001-0001-000000000003}.Release|x86.Build.0 = Release|Any CPU
		{4A5FF370-9DD3-4517-B0A6-EB567541FA51}.Debug|Any CPU.ActiveCfg = Debug|Any CPU
		{4A5FF370-9DD3-4517-B0A6-EB567541FA51}.Debug|Any CPU.Build.0 = Debug|Any CPU
		{4A5FF370-9DD3-4517-B0A6-EB567541FA51}.Debug|x64.ActiveCfg = Debug|Any CPU
		{4A5FF370-9DD3-4517-B0A6-EB567541FA51}.Debug|x64.Build.0 = Debug|Any CPU
		{4A5FF370-9DD3-4517-B0A6-EB567541FA51}.Debug|x86.ActiveCfg = Debug|Any CPU
		{4A5FF370-9DD3-4517-B0A6-EB567541FA51}.Debug|x86.Build.0 = Debug|Any CPU
		{4A5FF370-9DD3-4517-B0A6-EB567541FA51}.Release|Any CPU.ActiveCfg = Release|Any CPU
		{4A5FF370-9DD3-4517-B0A6-EB567541FA51}.Release|Any CPU.Build.0 = Release|Any CPU
		{4A5FF370-9DD3-4517-B0A6-EB567541FA51}.Release|x64.ActiveCfg = Release|Any CPU
		{4A5FF370-9DD3-4517-B0A6-EB567541FA51}.Release|x64.Build.0 = Release|Any CPU
		{4A5FF370-9DD3-4517-B0A6-EB567541FA51}.Release|x86.ActiveCfg = Release|Any CPU
		{4A5FF370-9DD3-4517-B0A6-EB567541FA51}.Release|x86.Build.0 = Release|Any CPU
		{3FB4A11B-3743-40E4-BA2A-243C47B5F174}.Debug|Any CPU.ActiveCfg = Debug|Any CPU
		{3FB4A11B-3743-40E4-BA2A-243C47B5F174}.Debug|Any CPU.Build.0 = Debug|Any CPU
		{3FB4A11B-3743-40E4-BA2A-243C47B5F174}.Debug|x64.ActiveCfg = Debug|Any CPU
		{3FB4A11B-3743-40E4-BA2A-243C47B5F174}.Debug|x64.Build.0 = Debug|Any CPU
		{3FB4A11B-3743-40E4-BA2A-243C47B5F174}.Debug|x86.ActiveCfg = Debug|Any CPU
		{3FB4A11B-3743-40E4-BA2A-243C47B5F174}.Debug|x86.Build.0 = Debug|Any CPU
		{3FB4A11B-3743-40E4-BA2A-243C47B5F174}.Release|Any CPU.ActiveCfg = Release|Any CPU
		{3FB4A11B-3743-40E4-BA2A-243C47B5F174}.Release|Any CPU.Build.0 = Release|Any CPU
		{3FB4A11B-3743-40E4-BA2A-243C47B5F174}.Release|x64.ActiveCfg = Release|Any CPU
		{3FB4A11B-3743-40E4-BA2A-243C47B5F174}.Release|x64.Build.0 = Release|Any CPU
		{3FB4A11B-3743-40E4-BA2A-243C47B5F174}.Release|x86.ActiveCfg = Release|Any CPU
		{3FB4A11B-3743-40E4-BA2A-243C47B5F174}.Release|x86.Build.0 = Release|Any CPU
		{EE4FE785-E321-4A1B-99B4-D6FE0849C206}.Debug|Any CPU.ActiveCfg = Debug|Any CPU
		{EE4FE785-E321-4A1B-99B4-D6FE0849C206}.Debug|Any CPU.Build.0 = Debug|Any CPU
		{EE4FE785-E321-4A1B-99B4-D6FE0849C206}.Debug|x64.ActiveCfg = Debug|Any CPU
		{EE4FE785-E321-4A1B-99B4-D6FE0849C206}.Debug|x64.Build.0 = Debug|Any CPU
		{EE4FE785-E321-4A1B-99B4-D6FE0849C206}.Debug|x86.ActiveCfg = Debug|Any CPU
		{EE4FE785-E321-4A1B-99B4-D6FE0849C206}.Debug|x86.Build.0 = Debug|Any CPU
		{EE4FE785-E321-4A1B-99B4-D6FE0849C206}.Release|Any CPU.ActiveCfg = Release|Any CPU
		{EE4FE785-E321-4A1B-99B4-D6FE0849C206}.Release|Any CPU.Build.0 = Release|Any CPU
		{EE4FE785-E321-4A1B-99B4-D6FE0849C206}.Release|x64.ActiveCfg = Release|Any CPU
		{EE4FE785-E321-4A1B-99B4-D6FE0849C206}.Release|x64.Build.0 = Release|Any CPU
		{EE4FE785-E321-4A1B-99B4-D6FE0849C206}.Release|x86.ActiveCfg = Release|Any CPU
		{EE4FE785-E321-4A1B-99B4-D6FE0849C206}.Release|x86.Build.0 = Release|Any CPU
		{B92E147B-ECF9-48C7-911A-3AAEE473B294}.Debug|Any CPU.ActiveCfg = Debug|Any CPU
		{B92E147B-ECF9-48C7-911A-3AAEE473B294}.Debug|Any CPU.Build.0 = Debug|Any CPU
		{B92E147B-ECF9-48C7-911A-3AAEE473B294}.Debug|x64.ActiveCfg = Debug|Any CPU
		{B92E147B-ECF9-48C7-911A-3AAEE473B294}.Debug|x64.Build.0 = Debug|Any CPU
		{B92E147B-ECF9-48C7-911A-3AAEE473B294}.Debug|x86.ActiveCfg = Debug|Any CPU
		{B92E147B-ECF9-48C7-911A-3AAEE473B294}.Debug|x86.Build.0 = Debug|Any CPU
		{B92E147B-ECF9-48C7-911A-3AAEE473B294}.Release|Any CPU.ActiveCfg = Release|Any CPU
		{B92E147B-ECF9-48C7-911A-3AAEE473B294}.Release|Any CPU.Build.0 = Release|Any CPU
		{B92E147B-ECF9-48C7-911A-3AAEE473B294}.Release|x64.ActiveCfg = Release|Any CPU
		{B92E147B-ECF9-48C7-911A-3AAEE473B294}.Release|x64.Build.0 = Release|Any CPU
		{B92E147B-ECF9-48C7-911A-3AAEE473B294}.Release|x86.ActiveCfg = Release|Any CPU
		{B92E147B-ECF9-48C7-911A-3AAEE473B294}.Release|x86.Build.0 = Release|Any CPU
		{D5FC9B83-2244-4844-B8E8-6BF51E1F8442}.Debug|Any CPU.ActiveCfg = Debug|Any CPU
		{D5FC9B83-2244-4844-B8E8-6BF51E1F8442}.Debug|Any CPU.Build.0 = Debug|Any CPU
		{D5FC9B83-2244-4844-B8E8-6BF51E1F8442}.Debug|x64.ActiveCfg = Debug|Any CPU
		{D5FC9B83-2244-4844-B8E8-6BF51E1F8442}.Debug|x64.Build.0 = Debug|Any CPU
		{D5FC9B83-2244-4844-B8E8-6BF51E1F8442}.Debug|x86.ActiveCfg = Debug|Any CPU
		{D5FC9B83-2244-4844-B8E8-6BF51E1F8442}.Debug|x86.Build.0 = Debug|Any CPU
		{D5FC9B83-2244-4844-B8E8-6BF51E1F8442}.Release|Any CPU.ActiveCfg = Release|Any CPU
		{D5FC9B83-2244-4844-B8E8-6BF51E1F8442}.Release|Any CPU.Build.0 = Release|Any CPU
		{D5FC9B83-2244-4844-B8E8-6BF51E1F8442}.Release|x64.ActiveCfg = Release|Any CPU
		{D5FC9B83-2244-4844-B8E8-6BF51E1F8442}.Release|x64.Build.0 = Release|Any CPU
		{D5FC9B83-2244-4844-B8E8-6BF51E1F8442}.Release|x86.ActiveCfg = Release|Any CPU
		{D5FC9B83-2244-4844-B8E8-6BF51E1F8442}.Release|x86.Build.0 = Release|Any CPU
		{D05D184D-110E-4711-9164-294557EF181B}.Debug|Any CPU.ActiveCfg = Debug|Any CPU
		{D05D184D-110E-4711-9164-294557EF181B}.Debug|Any CPU.Build.0 = Debug|Any CPU
		{D05D184D-110E-4711-9164-294557EF181B}.Debug|x64.ActiveCfg = Debug|Any CPU
		{D05D184D-110E-4711-9164-294557EF181B}.Debug|x64.Build.0 = Debug|Any CPU
		{D05D184D-110E-4711-9164-294557EF181B}.Debug|x86.ActiveCfg = Debug|Any CPU
		{D05D184D-110E-4711-9164-294557EF181B}.Debug|x86.Build.0 = Debug|Any CPU
		{D05D184D-110E-4711-9164-294557EF181B}.Release|Any CPU.ActiveCfg = Release|Any CPU
		{D05D184D-110E-4711-9164-294557EF181B}.Release|Any CPU.Build.0 = Release|Any CPU
		{D05D184D-110E-4711-9164-294557EF181B}.Release|x64.ActiveCfg = Release|Any CPU
		{D05D184D-110E-4711-9164-294557EF181B}.Release|x64.Build.0 = Release|Any CPU
		{D05D184D-110E-4711-9164-294557EF181B}.Release|x86.ActiveCfg = Release|Any CPU
		{D05D184D-110E-4711-9164-294557EF181B}.Release|x86.Build.0 = Release|Any CPU
		{C5CFAC35-5F84-48EB-AC5F-317C207252E2}.Debug|Any CPU.ActiveCfg = Debug|Any CPU
		{C5CFAC35-5F84-48EB-AC5F-317C207252E2}.Debug|Any CPU.Build.0 = Debug|Any CPU
		{C5CFAC35-5F84-48EB-AC5F-317C207252E2}.Debug|x64.ActiveCfg = Debug|Any CPU
		{C5CFAC35-5F84-48EB-AC5F-317C207252E2}.Debug|x64.Build.0 = Debug|Any CPU
		{C5CFAC35-5F84-48EB-AC5F-317C207252E2}.Debug|x86.ActiveCfg = Debug|Any CPU
		{C5CFAC35-5F84-48EB-AC5F-317C207252E2}.Debug|x86.Build.0 = Debug|Any CPU
		{C5CFAC35-5F84-48EB-AC5F-317C207252E2}.Release|Any CPU.ActiveCfg = Release|Any CPU
		{C5CFAC35-5F84-48EB-AC5F-317C207252E2}.Release|Any CPU.Build.0 = Release|Any CPU
		{C5CFAC35-5F84-48EB-AC5F-317C207252E2}.Release|x64.ActiveCfg = Release|Any CPU
		{C5CFAC35-5F84-48EB-AC5F-317C207252E2}.Release|x64.Build.0 = Release|Any CPU
		{C5CFAC35-5F84-48EB-AC5F-317C207252E2}.Release|x86.ActiveCfg = Release|Any CPU
		{C5CFAC35-5F84-48EB-AC5F-317C207252E2}.Release|x86.Build.0 = Release|Any CPU
		{03191D05-ECCD-4B9A-A875-A63473B073BF}.Debug|Any CPU.ActiveCfg = Debug|Any CPU
		{03191D05-ECCD-4B9A-A875-A63473B073BF}.Debug|Any CPU.Build.0 = Debug|Any CPU
		{03191D05-ECCD-4B9A-A875-A63473B073BF}.Debug|x64.ActiveCfg = Debug|Any CPU
		{03191D05-ECCD-4B9A-A875-A63473B073BF}.Debug|x64.Build.0 = Debug|Any CPU
		{03191D05-ECCD-4B9A-A875-A63473B073BF}.Debug|x86.ActiveCfg = Debug|Any CPU
		{03191D05-ECCD-4B9A-A875-A63473B073BF}.Debug|x86.Build.0 = Debug|Any CPU
		{03191D05-ECCD-4B9A-A875-A63473B073BF}.Release|Any CPU.ActiveCfg = Release|Any CPU
		{03191D05-ECCD-4B9A-A875-A63473B073BF}.Release|Any CPU.Build.0 = Release|Any CPU
		{03191D05-ECCD-4B9A-A875-A63473B073BF}.Release|x64.ActiveCfg = Release|Any CPU
		{03191D05-ECCD-4B9A-A875-A63473B073BF}.Release|x64.Build.0 = Release|Any CPU
		{03191D05-ECCD-4B9A-A875-A63473B073BF}.Release|x86.ActiveCfg = Release|Any CPU
		{03191D05-ECCD-4B9A-A875-A63473B073BF}.Release|x86.Build.0 = Release|Any CPU
		{B8B67E6E-382F-4DDC-BCB9-E408AD31D0BC}.Debug|Any CPU.ActiveCfg = Debug|Any CPU
		{B8B67E6E-382F-4DDC-BCB9-E408AD31D0BC}.Debug|Any CPU.Build.0 = Debug|Any CPU
		{B8B67E6E-382F-4DDC-BCB9-E408AD31D0BC}.Debug|x64.ActiveCfg = Debug|Any CPU
		{B8B67E6E-382F-4DDC-BCB9-E408AD31D0BC}.Debug|x64.Build.0 = Debug|Any CPU
		{B8B67E6E-382F-4DDC-BCB9-E408AD31D0BC}.Debug|x86.ActiveCfg = Debug|Any CPU
		{B8B67E6E-382F-4DDC-BCB9-E408AD31D0BC}.Debug|x86.Build.0 = Debug|Any CPU
		{B8B67E6E-382F-4DDC-BCB9-E408AD31D0BC}.Release|Any CPU.ActiveCfg = Release|Any CPU
		{B8B67E6E-382F-4DDC-BCB9-E408AD31D0BC}.Release|Any CPU.Build.0 = Release|Any CPU
		{B8B67E6E-382F-4DDC-BCB9-E408AD31D0BC}.Release|x64.ActiveCfg = Release|Any CPU
		{B8B67E6E-382F-4DDC-BCB9-E408AD31D0BC}.Release|x64.Build.0 = Release|Any CPU
		{B8B67E6E-382F-4DDC-BCB9-E408AD31D0BC}.Release|x86.ActiveCfg = Release|Any CPU
		{B8B67E6E-382F-4DDC-BCB9-E408AD31D0BC}.Release|x86.Build.0 = Release|Any CPU
		{C38878E9-79F2-4DDE-A606-6C9D46961C5D}.Debug|Any CPU.ActiveCfg = Debug|Any CPU
		{C38878E9-79F2-4DDE-A606-6C9D46961C5D}.Debug|Any CPU.Build.0 = Debug|Any CPU
		{C38878E9-79F2-4DDE-A606-6C9D46961C5D}.Debug|x64.ActiveCfg = Debug|Any CPU
		{C38878E9-79F2-4DDE-A606-6C9D46961C5D}.Debug|x64.Build.0 = Debug|Any CPU
		{C38878E9-79F2-4DDE-A606-6C9D46961C5D}.Debug|x86.ActiveCfg = Debug|Any CPU
		{C38878E9-79F2-4DDE-A606-6C9D46961C5D}.Debug|x86.Build.0 = Debug|Any CPU
		{C38878E9-79F2-4DDE-A606-6C9D46961C5D}.Release|Any CPU.ActiveCfg = Release|Any CPU
		{C38878E9-79F2-4DDE-A606-6C9D46961C5D}.Release|Any CPU.Build.0 = Release|Any CPU
		{C38878E9-79F2-4DDE-A606-6C9D46961C5D}.Release|x64.ActiveCfg = Release|Any CPU
		{C38878E9-79F2-4DDE-A606-6C9D46961C5D}.Release|x64.Build.0 = Release|Any CPU
		{C38878E9-79F2-4DDE-A606-6C9D46961C5D}.Release|x86.ActiveCfg = Release|Any CPU
		{C38878E9-79F2-4DDE-A606-6C9D46961C5D}.Release|x86.Build.0 = Release|Any CPU
	EndGlobalSection
	GlobalSection(SolutionProperties) = preSolution
		HideSolutionNode = FALSE
	EndGlobalSection
	GlobalSection(NestedProjects) = preSolution
		{4A5FF370-9DD3-4517-B0A6-EB567541FA51} = {07D57EEB-2F50-60C4-C011-FE4FA775C9A8}
		{3FB4A11B-3743-40E4-BA2A-243C47B5F174} = {07D57EEB-2F50-60C4-C011-FE4FA775C9A8}
		{EE4FE785-E321-4A1B-99B4-D6FE0849C206} = {07D57EEB-2F50-60C4-C011-FE4FA775C9A8}
		{B92E147B-ECF9-48C7-911A-3AAEE473B294} = {0AB3BF05-4346-4AA6-1389-037BE0695223}
		{D5FC9B83-2244-4844-B8E8-6BF51E1F8442} = {0AB3BF05-4346-4AA6-1389-037BE0695223}
		{D05D184D-110E-4711-9164-294557EF181B} = {0AB3BF05-4346-4AA6-1389-037BE0695223}
		{C5CFAC35-5F84-48EB-AC5F-317C207252E2} = {07D57EEB-2F50-60C4-C011-FE4FA775C9A8}
		{03191D05-ECCD-4B9A-A875-A63473B073BF} = {07D57EEB-2F50-60C4-C011-FE4FA775C9A8}
		{B8B67E6E-382F-4DDC-BCB9-E408AD31D0BC} = {07D57EEB-2F50-60C4-C011-FE4FA775C9A8}
		{C38878E9-79F2-4DDE-A606-6C9D46961C5D} = {07D57EEB-2F50-60C4-C011-FE4FA775C9A8}
	EndGlobalSection
EndGlobal
